// !$*UTF8*$!
{
	archiveVersion = 1;
	classes = {
	};
	objectVersion = 56;
	objects = {

/* Begin PBXBuildFile section */
		4E53DDC62AFD1BF50054F5BE /* GameStructs.swift in Sources */ = {isa = PBXBuildFile; fileRef = 4E53DDC52AFD1BF50054F5BE /* GameStructs.swift */; };
		4E53DDCA2AFD3A940054F5BE /* widgetHeader.swift in Sources */ = {isa = PBXBuildFile; fileRef = 4E53DDC92AFD3A940054F5BE /* widgetHeader.swift */; };
		4E53DDCC2AFD933A0054F5BE /* Intents.intentdefinition in Sources */ = {isa = PBXBuildFile; fileRef = 4E53DDCB2AFD933A0054F5BE /* Intents.intentdefinition */; };
		4E53DDCD2AFD94E10054F5BE /* Intents.intentdefinition in Sources */ = {isa = PBXBuildFile; fileRef = 4E53DDCB2AFD933A0054F5BE /* Intents.intentdefinition */; };
		4E53DDD02AFD9B1B0054F5BE /* teamConfig.swift in Sources */ = {isa = PBXBuildFile; fileRef = 4E53DDCF2AFD9B1B0054F5BE /* teamConfig.swift */; };
		4E8321E62AF6D0A900B6C868 /* euroleagueApp.swift in Sources */ = {isa = PBXBuildFile; fileRef = 4E8321E52AF6D0A900B6C868 /* euroleagueApp.swift */; };
		4E8321E82AF6D0A900B6C868 /* ContentView.swift in Sources */ = {isa = PBXBuildFile; fileRef = 4E8321E72AF6D0A900B6C868 /* ContentView.swift */; };
		4E8321EA2AF6D0AA00B6C868 /* Assets.xcassets in Resources */ = {isa = PBXBuildFile; fileRef = 4E8321E92AF6D0AA00B6C868 /* Assets.xcassets */; };
		4E8321ED2AF6D0AA00B6C868 /* Preview Assets.xcassets in Resources */ = {isa = PBXBuildFile; fileRef = 4E8321EC2AF6D0AA00B6C868 /* Preview Assets.xcassets */; };
		4E8321F72AF6D0AA00B6C868 /* euroleagueTests.swift in Sources */ = {isa = PBXBuildFile; fileRef = 4E8321F62AF6D0AA00B6C868 /* euroleagueTests.swift */; };
		4E8322012AF6D0AA00B6C868 /* euroleagueUITests.swift in Sources */ = {isa = PBXBuildFile; fileRef = 4E8322002AF6D0AA00B6C868 /* euroleagueUITests.swift */; };
		4E8322032AF6D0AA00B6C868 /* euroleagueUITestsLaunchTests.swift in Sources */ = {isa = PBXBuildFile; fileRef = 4E8322022AF6D0AA00B6C868 /* euroleagueUITestsLaunchTests.swift */; };
		4E8322162AF6D0CF00B6C868 /* WidgetKit.framework in Frameworks */ = {isa = PBXBuildFile; fileRef = 4E8322152AF6D0CF00B6C868 /* WidgetKit.framework */; };
		4E8322182AF6D0CF00B6C868 /* SwiftUI.framework in Frameworks */ = {isa = PBXBuildFile; fileRef = 4E8322172AF6D0CF00B6C868 /* SwiftUI.framework */; };
		4E83221B2AF6D0CF00B6C868 /* euroleague_widgetBundle.swift in Sources */ = {isa = PBXBuildFile; fileRef = 4E83221A2AF6D0CF00B6C868 /* euroleague_widgetBundle.swift */; };
		4E83221D2AF6D0CF00B6C868 /* euroleague_widget.swift in Sources */ = {isa = PBXBuildFile; fileRef = 4E83221C2AF6D0CF00B6C868 /* euroleague_widget.swift */; };
		4E83221F2AF6D0D000B6C868 /* Assets.xcassets in Resources */ = {isa = PBXBuildFile; fileRef = 4E83221E2AF6D0D000B6C868 /* Assets.xcassets */; };
		4E8322232AF6D0D000B6C868 /* euroleague_widgetExtension.appex in Embed Foundation Extensions */ = {isa = PBXBuildFile; fileRef = 4E8322132AF6D0CF00B6C868 /* euroleague_widgetExtension.appex */; settings = {ATTRIBUTES = (RemoveHeadersOnCopy, ); }; };
		4E8322292AF6D2EA00B6C868 /* gamesService.swift in Sources */ = {isa = PBXBuildFile; fileRef = 4E8322282AF6D2EA00B6C868 /* gamesService.swift */; };
		4EEBAA802B028DAF0001386A /* memoizeUtil.swift in Sources */ = {isa = PBXBuildFile; fileRef = 4EEBAA7F2B028DAF0001386A /* memoizeUtil.swift */; };
		51754CB65DD0E3766503D882 /* Pods_euroleague_euroleagueUITests.framework in Frameworks */ = {isa = PBXBuildFile; fileRef = FA65C1229EA36606B0232C50 /* Pods_euroleague_euroleagueUITests.framework */; };
		A7E680DC31620CC6DDDCB5AE /* Pods_euroleague.framework in Frameworks */ = {isa = PBXBuildFile; fileRef = 581681EAFB0E098A9DC1F4D5 /* Pods_euroleague.framework */; };
		C38B407B281DE1AEBF6BAC01 /* Pods_euroleagueTests.framework in Frameworks */ = {isa = PBXBuildFile; fileRef = AF49F9608D3A6D230A15676A /* Pods_euroleagueTests.framework */; };
		FAB3D09AB619EE23E2A482E0 /* Pods_euroleague_widgetExtension.framework in Frameworks */ = {isa = PBXBuildFile; fileRef = A1874DE71321339F9C232FDC /* Pods_euroleague_widgetExtension.framework */; };
/* End PBXBuildFile section */

/* Begin PBXContainerItemProxy section */
		4E8321F32AF6D0AA00B6C868 /* PBXContainerItemProxy */ = {
			isa = PBXContainerItemProxy;
			containerPortal = 4E8321DA2AF6D0A900B6C868 /* Project object */;
			proxyType = 1;
			remoteGlobalIDString = 4E8321E12AF6D0A900B6C868;
			remoteInfo = euroleague;
		};
		4E8321FD2AF6D0AA00B6C868 /* PBXContainerItemProxy */ = {
			isa = PBXContainerItemProxy;
			containerPortal = 4E8321DA2AF6D0A900B6C868 /* Project object */;
			proxyType = 1;
			remoteGlobalIDString = 4E8321E12AF6D0A900B6C868;
			remoteInfo = euroleague;
		};
		4E8322212AF6D0D000B6C868 /* PBXContainerItemProxy */ = {
			isa = PBXContainerItemProxy;
			containerPortal = 4E8321DA2AF6D0A900B6C868 /* Project object */;
			proxyType = 1;
			remoteGlobalIDString = 4E8322122AF6D0CF00B6C868;
			remoteInfo = euroleague_widgetExtension;
		};
/* End PBXContainerItemProxy section */

/* Begin PBXCopyFilesBuildPhase section */
		4E8322272AF6D0D000B6C868 /* Embed Foundation Extensions */ = {
			isa = PBXCopyFilesBuildPhase;
			buildActionMask = 2147483647;
			dstPath = "";
			dstSubfolderSpec = 13;
			files = (
				4E8322232AF6D0D000B6C868 /* euroleague_widgetExtension.appex in Embed Foundation Extensions */,
			);
			name = "Embed Foundation Extensions";
			runOnlyForDeploymentPostprocessing = 0;
		};
/* End PBXCopyFilesBuildPhase section */

/* Begin PBXFileReference section */
		1F2683238D98AC2E947215C8 /* Pods-euroleagueTests.debug.xcconfig */ = {isa = PBXFileReference; includeInIndex = 1; lastKnownFileType = text.xcconfig; name = "Pods-euroleagueTests.debug.xcconfig"; path = "Target Support Files/Pods-euroleagueTests/Pods-euroleagueTests.debug.xcconfig"; sourceTree = "<group>"; };
		4CA989D2B6A4F79366130BC5 /* Pods-euroleague_widgetExtension.release.xcconfig */ = {isa = PBXFileReference; includeInIndex = 1; lastKnownFileType = text.xcconfig; name = "Pods-euroleague_widgetExtension.release.xcconfig"; path = "Target Support Files/Pods-euroleague_widgetExtension/Pods-euroleague_widgetExtension.release.xcconfig"; sourceTree = "<group>"; };
		4E53DDC52AFD1BF50054F5BE /* GameStructs.swift */ = {isa = PBXFileReference; lastKnownFileType = sourcecode.swift; path = GameStructs.swift; sourceTree = "<group>"; };
		4E53DDC92AFD3A940054F5BE /* widgetHeader.swift */ = {isa = PBXFileReference; lastKnownFileType = sourcecode.swift; path = widgetHeader.swift; sourceTree = "<group>"; };
		4E53DDCB2AFD933A0054F5BE /* Intents.intentdefinition */ = {isa = PBXFileReference; lastKnownFileType = file.intentdefinition; path = Intents.intentdefinition; sourceTree = "<group>"; };
		4E53DDCE2AFD955C0054F5BE /* Info.plist */ = {isa = PBXFileReference; lastKnownFileType = text.plist; path = Info.plist; sourceTree = "<group>"; };
		4E53DDCF2AFD9B1B0054F5BE /* teamConfig.swift */ = {isa = PBXFileReference; lastKnownFileType = sourcecode.swift; path = teamConfig.swift; sourceTree = "<group>"; };
		4E8321E22AF6D0A900B6C868 /* euroleague.app */ = {isa = PBXFileReference; explicitFileType = wrapper.application; includeInIndex = 0; path = euroleague.app; sourceTree = BUILT_PRODUCTS_DIR; };
		4E8321E52AF6D0A900B6C868 /* euroleagueApp.swift */ = {isa = PBXFileReference; lastKnownFileType = sourcecode.swift; path = euroleagueApp.swift; sourceTree = "<group>"; };
		4E8321E72AF6D0A900B6C868 /* ContentView.swift */ = {isa = PBXFileReference; lastKnownFileType = sourcecode.swift; path = ContentView.swift; sourceTree = "<group>"; };
		4E8321E92AF6D0AA00B6C868 /* Assets.xcassets */ = {isa = PBXFileReference; lastKnownFileType = folder.assetcatalog; path = Assets.xcassets; sourceTree = "<group>"; };
		4E8321EC2AF6D0AA00B6C868 /* Preview Assets.xcassets */ = {isa = PBXFileReference; lastKnownFileType = folder.assetcatalog; path = "Preview Assets.xcassets"; sourceTree = "<group>"; };
		4E8321F22AF6D0AA00B6C868 /* euroleagueTests.xctest */ = {isa = PBXFileReference; explicitFileType = wrapper.cfbundle; includeInIndex = 0; path = euroleagueTests.xctest; sourceTree = BUILT_PRODUCTS_DIR; };
		4E8321F62AF6D0AA00B6C868 /* euroleagueTests.swift */ = {isa = PBXFileReference; lastKnownFileType = sourcecode.swift; path = euroleagueTests.swift; sourceTree = "<group>"; };
		4E8321FC2AF6D0AA00B6C868 /* euroleagueUITests.xctest */ = {isa = PBXFileReference; explicitFileType = wrapper.cfbundle; includeInIndex = 0; path = euroleagueUITests.xctest; sourceTree = BUILT_PRODUCTS_DIR; };
		4E8322002AF6D0AA00B6C868 /* euroleagueUITests.swift */ = {isa = PBXFileReference; lastKnownFileType = sourcecode.swift; path = euroleagueUITests.swift; sourceTree = "<group>"; };
		4E8322022AF6D0AA00B6C868 /* euroleagueUITestsLaunchTests.swift */ = {isa = PBXFileReference; lastKnownFileType = sourcecode.swift; path = euroleagueUITestsLaunchTests.swift; sourceTree = "<group>"; };
		4E8322132AF6D0CF00B6C868 /* euroleague_widgetExtension.appex */ = {isa = PBXFileReference; explicitFileType = "wrapper.app-extension"; includeInIndex = 0; path = euroleague_widgetExtension.appex; sourceTree = BUILT_PRODUCTS_DIR; };
		4E8322152AF6D0CF00B6C868 /* WidgetKit.framework */ = {isa = PBXFileReference; lastKnownFileType = wrapper.framework; name = WidgetKit.framework; path = System/Library/Frameworks/WidgetKit.framework; sourceTree = SDKROOT; };
		4E8322172AF6D0CF00B6C868 /* SwiftUI.framework */ = {isa = PBXFileReference; lastKnownFileType = wrapper.framework; name = SwiftUI.framework; path = System/Library/Frameworks/SwiftUI.framework; sourceTree = SDKROOT; };
		4E83221A2AF6D0CF00B6C868 /* euroleague_widgetBundle.swift */ = {isa = PBXFileReference; lastKnownFileType = sourcecode.swift; path = euroleague_widgetBundle.swift; sourceTree = "<group>"; };
		4E83221C2AF6D0CF00B6C868 /* euroleague_widget.swift */ = {isa = PBXFileReference; lastKnownFileType = sourcecode.swift; path = euroleague_widget.swift; sourceTree = "<group>"; };
		4E83221E2AF6D0D000B6C868 /* Assets.xcassets */ = {isa = PBXFileReference; lastKnownFileType = folder.assetcatalog; path = Assets.xcassets; sourceTree = "<group>"; };
		4E8322202AF6D0D000B6C868 /* Info.plist */ = {isa = PBXFileReference; lastKnownFileType = text.plist.xml; path = Info.plist; sourceTree = "<group>"; };
		4E8322282AF6D2EA00B6C868 /* gamesService.swift */ = {isa = PBXFileReference; lastKnownFileType = sourcecode.swift; path = gamesService.swift; sourceTree = "<group>"; };
		4EEBAA7F2B028DAF0001386A /* memoizeUtil.swift */ = {isa = PBXFileReference; lastKnownFileType = sourcecode.swift; path = memoizeUtil.swift; sourceTree = "<group>"; };
		5183BEC80C0CFB0CDC629D05 /* Pods-euroleague.debug.xcconfig */ = {isa = PBXFileReference; includeInIndex = 1; lastKnownFileType = text.xcconfig; name = "Pods-euroleague.debug.xcconfig"; path = "Target Support Files/Pods-euroleague/Pods-euroleague.debug.xcconfig"; sourceTree = "<group>"; };
		581681EAFB0E098A9DC1F4D5 /* Pods_euroleague.framework */ = {isa = PBXFileReference; explicitFileType = wrapper.framework; includeInIndex = 0; path = Pods_euroleague.framework; sourceTree = BUILT_PRODUCTS_DIR; };
		703DB41D702FB3956EE1FB1F /* Pods-euroleague_widgetExtension.debug.xcconfig */ = {isa = PBXFileReference; includeInIndex = 1; lastKnownFileType = text.xcconfig; name = "Pods-euroleague_widgetExtension.debug.xcconfig"; path = "Target Support Files/Pods-euroleague_widgetExtension/Pods-euroleague_widgetExtension.debug.xcconfig"; sourceTree = "<group>"; };
		9248D3F3BFFFBDF23F125F15 /* Pods-euroleague-euroleagueUITests.release.xcconfig */ = {isa = PBXFileReference; includeInIndex = 1; lastKnownFileType = text.xcconfig; name = "Pods-euroleague-euroleagueUITests.release.xcconfig"; path = "Target Support Files/Pods-euroleague-euroleagueUITests/Pods-euroleague-euroleagueUITests.release.xcconfig"; sourceTree = "<group>"; };
		A1874DE71321339F9C232FDC /* Pods_euroleague_widgetExtension.framework */ = {isa = PBXFileReference; explicitFileType = wrapper.framework; includeInIndex = 0; path = Pods_euroleague_widgetExtension.framework; sourceTree = BUILT_PRODUCTS_DIR; };
		AF49F9608D3A6D230A15676A /* Pods_euroleagueTests.framework */ = {isa = PBXFileReference; explicitFileType = wrapper.framework; includeInIndex = 0; path = Pods_euroleagueTests.framework; sourceTree = BUILT_PRODUCTS_DIR; };
		E7AFA9810F1585F0E4607A54 /* Pods-euroleague-euroleagueUITests.debug.xcconfig */ = {isa = PBXFileReference; includeInIndex = 1; lastKnownFileType = text.xcconfig; name = "Pods-euroleague-euroleagueUITests.debug.xcconfig"; path = "Target Support Files/Pods-euroleague-euroleagueUITests/Pods-euroleague-euroleagueUITests.debug.xcconfig"; sourceTree = "<group>"; };
		EFD94761C1B637A28B06A733 /* Pods-euroleague.release.xcconfig */ = {isa = PBXFileReference; includeInIndex = 1; lastKnownFileType = text.xcconfig; name = "Pods-euroleague.release.xcconfig"; path = "Target Support Files/Pods-euroleague/Pods-euroleague.release.xcconfig"; sourceTree = "<group>"; };
		FA65C1229EA36606B0232C50 /* Pods_euroleague_euroleagueUITests.framework */ = {isa = PBXFileReference; explicitFileType = wrapper.framework; includeInIndex = 0; path = Pods_euroleague_euroleagueUITests.framework; sourceTree = BUILT_PRODUCTS_DIR; };
		FECA7DAF4AFB95493DDB3B36 /* Pods-euroleagueTests.release.xcconfig */ = {isa = PBXFileReference; includeInIndex = 1; lastKnownFileType = text.xcconfig; name = "Pods-euroleagueTests.release.xcconfig"; path = "Target Support Files/Pods-euroleagueTests/Pods-euroleagueTests.release.xcconfig"; sourceTree = "<group>"; };
/* End PBXFileReference section */

/* Begin PBXFrameworksBuildPhase section */
		4E8321DF2AF6D0A900B6C868 /* Frameworks */ = {
			isa = PBXFrameworksBuildPhase;
			buildActionMask = 2147483647;
			files = (
				A7E680DC31620CC6DDDCB5AE /* Pods_euroleague.framework in Frameworks */,
			);
			runOnlyForDeploymentPostprocessing = 0;
		};
		4E8321EF2AF6D0AA00B6C868 /* Frameworks */ = {
			isa = PBXFrameworksBuildPhase;
			buildActionMask = 2147483647;
			files = (
				C38B407B281DE1AEBF6BAC01 /* Pods_euroleagueTests.framework in Frameworks */,
			);
			runOnlyForDeploymentPostprocessing = 0;
		};
		4E8321F92AF6D0AA00B6C868 /* Frameworks */ = {
			isa = PBXFrameworksBuildPhase;
			buildActionMask = 2147483647;
			files = (
				51754CB65DD0E3766503D882 /* Pods_euroleague_euroleagueUITests.framework in Frameworks */,
			);
			runOnlyForDeploymentPostprocessing = 0;
		};
		4E8322102AF6D0CF00B6C868 /* Frameworks */ = {
			isa = PBXFrameworksBuildPhase;
			buildActionMask = 2147483647;
			files = (
				4E8322182AF6D0CF00B6C868 /* SwiftUI.framework in Frameworks */,
				4E8322162AF6D0CF00B6C868 /* WidgetKit.framework in Frameworks */,
				FAB3D09AB619EE23E2A482E0 /* Pods_euroleague_widgetExtension.framework in Frameworks */,
			);
			runOnlyForDeploymentPostprocessing = 0;
		};
/* End PBXFrameworksBuildPhase section */

/* Begin PBXGroup section */
		4E8321D92AF6D0A900B6C868 = {
			isa = PBXGroup;
			children = (
				4E8321E42AF6D0A900B6C868 /* euroleague */,
				4E8321F52AF6D0AA00B6C868 /* euroleagueTests */,
				4E8321FF2AF6D0AA00B6C868 /* euroleagueUITests */,
				4E8322192AF6D0CF00B6C868 /* euroleague_widget */,
				4E8322142AF6D0CF00B6C868 /* Frameworks */,
				4E8321E32AF6D0A900B6C868 /* Products */,
				D9B9BFC304311B6276A8E893 /* Pods */,
			);
			sourceTree = "<group>";
		};
		4E8321E32AF6D0A900B6C868 /* Products */ = {
			isa = PBXGroup;
			children = (
				4E8321E22AF6D0A900B6C868 /* euroleague.app */,
				4E8321F22AF6D0AA00B6C868 /* euroleagueTests.xctest */,
				4E8321FC2AF6D0AA00B6C868 /* euroleagueUITests.xctest */,
				4E8322132AF6D0CF00B6C868 /* euroleague_widgetExtension.appex */,
			);
			name = Products;
			sourceTree = "<group>";
		};
		4E8321E42AF6D0A900B6C868 /* euroleague */ = {
			isa = PBXGroup;
			children = (
				4E53DDCE2AFD955C0054F5BE /* Info.plist */,
				4E8321E52AF6D0A900B6C868 /* euroleagueApp.swift */,
				4E8321E72AF6D0A900B6C868 /* ContentView.swift */,
				4E8321E92AF6D0AA00B6C868 /* Assets.xcassets */,
				4E8321EB2AF6D0AA00B6C868 /* Preview Content */,
			);
			path = euroleague;
			sourceTree = "<group>";
		};
		4E8321EB2AF6D0AA00B6C868 /* Preview Content */ = {
			isa = PBXGroup;
			children = (
				4E8321EC2AF6D0AA00B6C868 /* Preview Assets.xcassets */,
			);
			path = "Preview Content";
			sourceTree = "<group>";
		};
		4E8321F52AF6D0AA00B6C868 /* euroleagueTests */ = {
			isa = PBXGroup;
			children = (
				4E8321F62AF6D0AA00B6C868 /* euroleagueTests.swift */,
			);
			path = euroleagueTests;
			sourceTree = "<group>";
		};
		4E8321FF2AF6D0AA00B6C868 /* euroleagueUITests */ = {
			isa = PBXGroup;
			children = (
				4E8322002AF6D0AA00B6C868 /* euroleagueUITests.swift */,
				4E8322022AF6D0AA00B6C868 /* euroleagueUITestsLaunchTests.swift */,
			);
			path = euroleagueUITests;
			sourceTree = "<group>";
		};
		4E8322142AF6D0CF00B6C868 /* Frameworks */ = {
			isa = PBXGroup;
			children = (
				4E8322152AF6D0CF00B6C868 /* WidgetKit.framework */,
				4E8322172AF6D0CF00B6C868 /* SwiftUI.framework */,
				581681EAFB0E098A9DC1F4D5 /* Pods_euroleague.framework */,
				FA65C1229EA36606B0232C50 /* Pods_euroleague_euroleagueUITests.framework */,
				AF49F9608D3A6D230A15676A /* Pods_euroleagueTests.framework */,
				A1874DE71321339F9C232FDC /* Pods_euroleague_widgetExtension.framework */,
			);
			name = Frameworks;
			sourceTree = "<group>";
		};
		4E8322192AF6D0CF00B6C868 /* euroleague_widget */ = {
			isa = PBXGroup;
			children = (
				4E83221A2AF6D0CF00B6C868 /* euroleague_widgetBundle.swift */,
				4E83221C2AF6D0CF00B6C868 /* euroleague_widget.swift */,
				4E83221E2AF6D0D000B6C868 /* Assets.xcassets */,
				4E8322202AF6D0D000B6C868 /* Info.plist */,
				4E8322282AF6D2EA00B6C868 /* gamesService.swift */,
				4E53DDC52AFD1BF50054F5BE /* GameStructs.swift */,
				4E53DDC92AFD3A940054F5BE /* widgetHeader.swift */,
				4E53DDCB2AFD933A0054F5BE /* Intents.intentdefinition */,
				4E53DDCF2AFD9B1B0054F5BE /* teamConfig.swift */,
				4EEBAA7F2B028DAF0001386A /* memoizeUtil.swift */,
			);
			path = euroleague_widget;
			sourceTree = "<group>";
		};
		D9B9BFC304311B6276A8E893 /* Pods */ = {
			isa = PBXGroup;
			children = (
				5183BEC80C0CFB0CDC629D05 /* Pods-euroleague.debug.xcconfig */,
				EFD94761C1B637A28B06A733 /* Pods-euroleague.release.xcconfig */,
				E7AFA9810F1585F0E4607A54 /* Pods-euroleague-euroleagueUITests.debug.xcconfig */,
				9248D3F3BFFFBDF23F125F15 /* Pods-euroleague-euroleagueUITests.release.xcconfig */,
				1F2683238D98AC2E947215C8 /* Pods-euroleagueTests.debug.xcconfig */,
				FECA7DAF4AFB95493DDB3B36 /* Pods-euroleagueTests.release.xcconfig */,
				703DB41D702FB3956EE1FB1F /* Pods-euroleague_widgetExtension.debug.xcconfig */,
				4CA989D2B6A4F79366130BC5 /* Pods-euroleague_widgetExtension.release.xcconfig */,
			);
			path = Pods;
			sourceTree = "<group>";
		};
/* End PBXGroup section */

/* Begin PBXNativeTarget section */
		4E8321E12AF6D0A900B6C868 /* euroleague */ = {
			isa = PBXNativeTarget;
			buildConfigurationList = 4E8322062AF6D0AA00B6C868 /* Build configuration list for PBXNativeTarget "euroleague" */;
			buildPhases = (
				337233A97AC8C53C2AEBDA0A /* [CP] Check Pods Manifest.lock */,
				4E8321DE2AF6D0A900B6C868 /* Sources */,
				4E8321DF2AF6D0A900B6C868 /* Frameworks */,
				4E8321E02AF6D0A900B6C868 /* Resources */,
				4E8322272AF6D0D000B6C868 /* Embed Foundation Extensions */,
				CA6D99A36F8E45149A2F08A1 /* [CP] Embed Pods Frameworks */,
			);
			buildRules = (
			);
			dependencies = (
				4E8322222AF6D0D000B6C868 /* PBXTargetDependency */,
			);
			name = euroleague;
			productName = euroleague;
			productReference = 4E8321E22AF6D0A900B6C868 /* euroleague.app */;
			productType = "com.apple.product-type.application";
		};
		4E8321F12AF6D0AA00B6C868 /* euroleagueTests */ = {
			isa = PBXNativeTarget;
			buildConfigurationList = 4E8322092AF6D0AA00B6C868 /* Build configuration list for PBXNativeTarget "euroleagueTests" */;
			buildPhases = (
				4B624B4F0AC084A02E3C32DB /* [CP] Check Pods Manifest.lock */,
				4E8321EE2AF6D0AA00B6C868 /* Sources */,
				4E8321EF2AF6D0AA00B6C868 /* Frameworks */,
				4E8321F02AF6D0AA00B6C868 /* Resources */,
			);
			buildRules = (
			);
			dependencies = (
				4E8321F42AF6D0AA00B6C868 /* PBXTargetDependency */,
			);
			name = euroleagueTests;
			productName = euroleagueTests;
			productReference = 4E8321F22AF6D0AA00B6C868 /* euroleagueTests.xctest */;
			productType = "com.apple.product-type.bundle.unit-test";
		};
		4E8321FB2AF6D0AA00B6C868 /* euroleagueUITests */ = {
			isa = PBXNativeTarget;
			buildConfigurationList = 4E83220C2AF6D0AA00B6C868 /* Build configuration list for PBXNativeTarget "euroleagueUITests" */;
			buildPhases = (
				E7F01281353DC20A51E9882E /* [CP] Check Pods Manifest.lock */,
				4E8321F82AF6D0AA00B6C868 /* Sources */,
				4E8321F92AF6D0AA00B6C868 /* Frameworks */,
				4E8321FA2AF6D0AA00B6C868 /* Resources */,
			);
			buildRules = (
			);
			dependencies = (
				4E8321FE2AF6D0AA00B6C868 /* PBXTargetDependency */,
			);
			name = euroleagueUITests;
			productName = euroleagueUITests;
			productReference = 4E8321FC2AF6D0AA00B6C868 /* euroleagueUITests.xctest */;
			productType = "com.apple.product-type.bundle.ui-testing";
		};
		4E8322122AF6D0CF00B6C868 /* euroleague_widgetExtension */ = {
			isa = PBXNativeTarget;
			buildConfigurationList = 4E8322242AF6D0D000B6C868 /* Build configuration list for PBXNativeTarget "euroleague_widgetExtension" */;
			buildPhases = (
				222DB7D1C23E194B91F2BD91 /* [CP] Check Pods Manifest.lock */,
				4E83220F2AF6D0CF00B6C868 /* Sources */,
				4E8322102AF6D0CF00B6C868 /* Frameworks */,
				4E8322112AF6D0CF00B6C868 /* Resources */,
			);
			buildRules = (
			);
			dependencies = (
			);
			name = euroleague_widgetExtension;
			productName = euroleague_widgetExtension;
			productReference = 4E8322132AF6D0CF00B6C868 /* euroleague_widgetExtension.appex */;
			productType = "com.apple.product-type.app-extension";
		};
/* End PBXNativeTarget section */

/* Begin PBXProject section */
		4E8321DA2AF6D0A900B6C868 /* Project object */ = {
			isa = PBXProject;
			attributes = {
				BuildIndependentTargetsInParallel = 1;
				LastSwiftUpdateCheck = 1500;
				LastUpgradeCheck = 1500;
				TargetAttributes = {
					4E8321E12AF6D0A900B6C868 = {
						CreatedOnToolsVersion = 15.0.1;
					};
					4E8321F12AF6D0AA00B6C868 = {
						CreatedOnToolsVersion = 15.0.1;
						TestTargetID = 4E8321E12AF6D0A900B6C868;
					};
					4E8321FB2AF6D0AA00B6C868 = {
						CreatedOnToolsVersion = 15.0.1;
						TestTargetID = 4E8321E12AF6D0A900B6C868;
					};
					4E8322122AF6D0CF00B6C868 = {
						CreatedOnToolsVersion = 15.0.1;
					};
				};
			};
			buildConfigurationList = 4E8321DD2AF6D0A900B6C868 /* Build configuration list for PBXProject "euroleague" */;
			compatibilityVersion = "Xcode 14.0";
			developmentRegion = en;
			hasScannedForEncodings = 0;
			knownRegions = (
				en,
				Base,
			);
			mainGroup = 4E8321D92AF6D0A900B6C868;
			productRefGroup = 4E8321E32AF6D0A900B6C868 /* Products */;
			projectDirPath = "";
			projectRoot = "";
			targets = (
				4E8321E12AF6D0A900B6C868 /* euroleague */,
				4E8321F12AF6D0AA00B6C868 /* euroleagueTests */,
				4E8321FB2AF6D0AA00B6C868 /* euroleagueUITests */,
				4E8322122AF6D0CF00B6C868 /* euroleague_widgetExtension */,
			);
		};
/* End PBXProject section */

/* Begin PBXResourcesBuildPhase section */
		4E8321E02AF6D0A900B6C868 /* Resources */ = {
			isa = PBXResourcesBuildPhase;
			buildActionMask = 2147483647;
			files = (
				4E8321ED2AF6D0AA00B6C868 /* Preview Assets.xcassets in Resources */,
				4E8321EA2AF6D0AA00B6C868 /* Assets.xcassets in Resources */,
			);
			runOnlyForDeploymentPostprocessing = 0;
		};
		4E8321F02AF6D0AA00B6C868 /* Resources */ = {
			isa = PBXResourcesBuildPhase;
			buildActionMask = 2147483647;
			files = (
			);
			runOnlyForDeploymentPostprocessing = 0;
		};
		4E8321FA2AF6D0AA00B6C868 /* Resources */ = {
			isa = PBXResourcesBuildPhase;
			buildActionMask = 2147483647;
			files = (
			);
			runOnlyForDeploymentPostprocessing = 0;
		};
		4E8322112AF6D0CF00B6C868 /* Resources */ = {
			isa = PBXResourcesBuildPhase;
			buildActionMask = 2147483647;
			files = (
				4E83221F2AF6D0D000B6C868 /* Assets.xcassets in Resources */,
			);
			runOnlyForDeploymentPostprocessing = 0;
		};
/* End PBXResourcesBuildPhase section */

/* Begin PBXShellScriptBuildPhase section */
		222DB7D1C23E194B91F2BD91 /* [CP] Check Pods Manifest.lock */ = {
			isa = PBXShellScriptBuildPhase;
			buildActionMask = 2147483647;
			files = (
			);
			inputFileListPaths = (
			);
			inputPaths = (
				"${PODS_PODFILE_DIR_PATH}/Podfile.lock",
				"${PODS_ROOT}/Manifest.lock",
			);
			name = "[CP] Check Pods Manifest.lock";
			outputFileListPaths = (
			);
			outputPaths = (
				"$(DERIVED_FILE_DIR)/Pods-euroleague_widgetExtension-checkManifestLockResult.txt",
			);
			runOnlyForDeploymentPostprocessing = 0;
			shellPath = /bin/sh;
			shellScript = "diff \"${PODS_PODFILE_DIR_PATH}/Podfile.lock\" \"${PODS_ROOT}/Manifest.lock\" > /dev/null\nif [ $? != 0 ] ; then\n    # print error to STDERR\n    echo \"error: The sandbox is not in sync with the Podfile.lock. Run 'pod install' or update your CocoaPods installation.\" >&2\n    exit 1\nfi\n# This output is used by Xcode 'outputs' to avoid re-running this script phase.\necho \"SUCCESS\" > \"${SCRIPT_OUTPUT_FILE_0}\"\n";
			showEnvVarsInLog = 0;
		};
		337233A97AC8C53C2AEBDA0A /* [CP] Check Pods Manifest.lock */ = {
			isa = PBXShellScriptBuildPhase;
			buildActionMask = 2147483647;
			files = (
			);
			inputFileListPaths = (
			);
			inputPaths = (
				"${PODS_PODFILE_DIR_PATH}/Podfile.lock",
				"${PODS_ROOT}/Manifest.lock",
			);
			name = "[CP] Check Pods Manifest.lock";
			outputFileListPaths = (
			);
			outputPaths = (
				"$(DERIVED_FILE_DIR)/Pods-euroleague-checkManifestLockResult.txt",
			);
			runOnlyForDeploymentPostprocessing = 0;
			shellPath = /bin/sh;
			shellScript = "diff \"${PODS_PODFILE_DIR_PATH}/Podfile.lock\" \"${PODS_ROOT}/Manifest.lock\" > /dev/null\nif [ $? != 0 ] ; then\n    # print error to STDERR\n    echo \"error: The sandbox is not in sync with the Podfile.lock. Run 'pod install' or update your CocoaPods installation.\" >&2\n    exit 1\nfi\n# This output is used by Xcode 'outputs' to avoid re-running this script phase.\necho \"SUCCESS\" > \"${SCRIPT_OUTPUT_FILE_0}\"\n";
			showEnvVarsInLog = 0;
		};
		4B624B4F0AC084A02E3C32DB /* [CP] Check Pods Manifest.lock */ = {
			isa = PBXShellScriptBuildPhase;
			buildActionMask = 2147483647;
			files = (
			);
			inputFileListPaths = (
			);
			inputPaths = (
				"${PODS_PODFILE_DIR_PATH}/Podfile.lock",
				"${PODS_ROOT}/Manifest.lock",
			);
			name = "[CP] Check Pods Manifest.lock";
			outputFileListPaths = (
			);
			outputPaths = (
				"$(DERIVED_FILE_DIR)/Pods-euroleagueTests-checkManifestLockResult.txt",
			);
			runOnlyForDeploymentPostprocessing = 0;
			shellPath = /bin/sh;
			shellScript = "diff \"${PODS_PODFILE_DIR_PATH}/Podfile.lock\" \"${PODS_ROOT}/Manifest.lock\" > /dev/null\nif [ $? != 0 ] ; then\n    # print error to STDERR\n    echo \"error: The sandbox is not in sync with the Podfile.lock. Run 'pod install' or update your CocoaPods installation.\" >&2\n    exit 1\nfi\n# This output is used by Xcode 'outputs' to avoid re-running this script phase.\necho \"SUCCESS\" > \"${SCRIPT_OUTPUT_FILE_0}\"\n";
			showEnvVarsInLog = 0;
		};
		CA6D99A36F8E45149A2F08A1 /* [CP] Embed Pods Frameworks */ = {
			isa = PBXShellScriptBuildPhase;
			buildActionMask = 2147483647;
			files = (
			);
			inputFileListPaths = (
				"${PODS_ROOT}/Target Support Files/Pods-euroleague/Pods-euroleague-frameworks-${CONFIGURATION}-input-files.xcfilelist",
			);
			name = "[CP] Embed Pods Frameworks";
			outputFileListPaths = (
				"${PODS_ROOT}/Target Support Files/Pods-euroleague/Pods-euroleague-frameworks-${CONFIGURATION}-output-files.xcfilelist",
			);
			runOnlyForDeploymentPostprocessing = 0;
			shellPath = /bin/sh;
			shellScript = "\"${PODS_ROOT}/Target Support Files/Pods-euroleague/Pods-euroleague-frameworks.sh\"\n";
			showEnvVarsInLog = 0;
		};
		E7F01281353DC20A51E9882E /* [CP] Check Pods Manifest.lock */ = {
			isa = PBXShellScriptBuildPhase;
			buildActionMask = 2147483647;
			files = (
			);
			inputFileListPaths = (
			);
			inputPaths = (
				"${PODS_PODFILE_DIR_PATH}/Podfile.lock",
				"${PODS_ROOT}/Manifest.lock",
			);
			name = "[CP] Check Pods Manifest.lock";
			outputFileListPaths = (
			);
			outputPaths = (
				"$(DERIVED_FILE_DIR)/Pods-euroleague-euroleagueUITests-checkManifestLockResult.txt",
			);
			runOnlyForDeploymentPostprocessing = 0;
			shellPath = /bin/sh;
			shellScript = "diff \"${PODS_PODFILE_DIR_PATH}/Podfile.lock\" \"${PODS_ROOT}/Manifest.lock\" > /dev/null\nif [ $? != 0 ] ; then\n    # print error to STDERR\n    echo \"error: The sandbox is not in sync with the Podfile.lock. Run 'pod install' or update your CocoaPods installation.\" >&2\n    exit 1\nfi\n# This output is used by Xcode 'outputs' to avoid re-running this script phase.\necho \"SUCCESS\" > \"${SCRIPT_OUTPUT_FILE_0}\"\n";
			showEnvVarsInLog = 0;
		};
/* End PBXShellScriptBuildPhase section */

/* Begin PBXSourcesBuildPhase section */
		4E8321DE2AF6D0A900B6C868 /* Sources */ = {
			isa = PBXSourcesBuildPhase;
			buildActionMask = 2147483647;
			files = (
				4E53DDCD2AFD94E10054F5BE /* Intents.intentdefinition in Sources */,
				4E8321E82AF6D0A900B6C868 /* ContentView.swift in Sources */,
				4E8321E62AF6D0A900B6C868 /* euroleagueApp.swift in Sources */,
			);
			runOnlyForDeploymentPostprocessing = 0;
		};
		4E8321EE2AF6D0AA00B6C868 /* Sources */ = {
			isa = PBXSourcesBuildPhase;
			buildActionMask = 2147483647;
			files = (
				4E8321F72AF6D0AA00B6C868 /* euroleagueTests.swift in Sources */,
			);
			runOnlyForDeploymentPostprocessing = 0;
		};
		4E8321F82AF6D0AA00B6C868 /* Sources */ = {
			isa = PBXSourcesBuildPhase;
			buildActionMask = 2147483647;
			files = (
				4E8322032AF6D0AA00B6C868 /* euroleagueUITestsLaunchTests.swift in Sources */,
				4E8322012AF6D0AA00B6C868 /* euroleagueUITests.swift in Sources */,
			);
			runOnlyForDeploymentPostprocessing = 0;
		};
		4E83220F2AF6D0CF00B6C868 /* Sources */ = {
			isa = PBXSourcesBuildPhase;
			buildActionMask = 2147483647;
			files = (
				4EEBAA802B028DAF0001386A /* memoizeUtil.swift in Sources */,
				4E53DDCC2AFD933A0054F5BE /* Intents.intentdefinition in Sources */,
				4E53DDD02AFD9B1B0054F5BE /* teamConfig.swift in Sources */,
				4E53DDCA2AFD3A940054F5BE /* widgetHeader.swift in Sources */,
				4E8322292AF6D2EA00B6C868 /* gamesService.swift in Sources */,
				4E83221B2AF6D0CF00B6C868 /* euroleague_widgetBundle.swift in Sources */,
				4E53DDC62AFD1BF50054F5BE /* GameStructs.swift in Sources */,
				4E83221D2AF6D0CF00B6C868 /* euroleague_widget.swift in Sources */,
			);
			runOnlyForDeploymentPostprocessing = 0;
		};
/* End PBXSourcesBuildPhase section */

/* Begin PBXTargetDependency section */
		4E8321F42AF6D0AA00B6C868 /* PBXTargetDependency */ = {
			isa = PBXTargetDependency;
			target = 4E8321E12AF6D0A900B6C868 /* euroleague */;
			targetProxy = 4E8321F32AF6D0AA00B6C868 /* PBXContainerItemProxy */;
		};
		4E8321FE2AF6D0AA00B6C868 /* PBXTargetDependency */ = {
			isa = PBXTargetDependency;
			target = 4E8321E12AF6D0A900B6C868 /* euroleague */;
			targetProxy = 4E8321FD2AF6D0AA00B6C868 /* PBXContainerItemProxy */;
		};
		4E8322222AF6D0D000B6C868 /* PBXTargetDependency */ = {
			isa = PBXTargetDependency;
			target = 4E8322122AF6D0CF00B6C868 /* euroleague_widgetExtension */;
			targetProxy = 4E8322212AF6D0D000B6C868 /* PBXContainerItemProxy */;
		};
/* End PBXTargetDependency section */

/* Begin XCBuildConfiguration section */
		4E8322042AF6D0AA00B6C868 /* Debug */ = {
			isa = XCBuildConfiguration;
			buildSettings = {
				ALWAYS_SEARCH_USER_PATHS = NO;
				ASSETCATALOG_COMPILER_GENERATE_SWIFT_ASSET_SYMBOL_EXTENSIONS = YES;
				CLANG_ANALYZER_NONNULL = YES;
				CLANG_ANALYZER_NUMBER_OBJECT_CONVERSION = YES_AGGRESSIVE;
				CLANG_CXX_LANGUAGE_STANDARD = "gnu++20";
				CLANG_ENABLE_MODULES = YES;
				CLANG_ENABLE_OBJC_ARC = YES;
				CLANG_ENABLE_OBJC_WEAK = YES;
				CLANG_WARN_BLOCK_CAPTURE_AUTORELEASING = YES;
				CLANG_WARN_BOOL_CONVERSION = YES;
				CLANG_WARN_COMMA = YES;
				CLANG_WARN_CONSTANT_CONVERSION = YES;
				CLANG_WARN_DEPRECATED_OBJC_IMPLEMENTATIONS = YES;
				CLANG_WARN_DIRECT_OBJC_ISA_USAGE = YES_ERROR;
				CLANG_WARN_DOCUMENTATION_COMMENTS = YES;
				CLANG_WARN_EMPTY_BODY = YES;
				CLANG_WARN_ENUM_CONVERSION = YES;
				CLANG_WARN_INFINITE_RECURSION = YES;
				CLANG_WARN_INT_CONVERSION = YES;
				CLANG_WARN_NON_LITERAL_NULL_CONVERSION = YES;
				CLANG_WARN_OBJC_IMPLICIT_RETAIN_SELF = YES;
				CLANG_WARN_OBJC_LITERAL_CONVERSION = YES;
				CLANG_WARN_OBJC_ROOT_CLASS = YES_ERROR;
				CLANG_WARN_QUOTED_INCLUDE_IN_FRAMEWORK_HEADER = YES;
				CLANG_WARN_RANGE_LOOP_ANALYSIS = YES;
				CLANG_WARN_STRICT_PROTOTYPES = YES;
				CLANG_WARN_SUSPICIOUS_MOVE = YES;
				CLANG_WARN_UNGUARDED_AVAILABILITY = YES_AGGRESSIVE;
				CLANG_WARN_UNREACHABLE_CODE = YES;
				CLANG_WARN__DUPLICATE_METHOD_MATCH = YES;
				COPY_PHASE_STRIP = NO;
				DEBUG_INFORMATION_FORMAT = dwarf;
				ENABLE_STRICT_OBJC_MSGSEND = YES;
				ENABLE_TESTABILITY = YES;
				ENABLE_USER_SCRIPT_SANDBOXING = YES;
				GCC_C_LANGUAGE_STANDARD = gnu17;
				GCC_DYNAMIC_NO_PIC = NO;
				GCC_NO_COMMON_BLOCKS = YES;
				GCC_OPTIMIZATION_LEVEL = 0;
				GCC_PREPROCESSOR_DEFINITIONS = (
					"DEBUG=1",
					"$(inherited)",
				);
				GCC_WARN_64_TO_32_BIT_CONVERSION = YES;
				GCC_WARN_ABOUT_RETURN_TYPE = YES_ERROR;
				GCC_WARN_UNDECLARED_SELECTOR = YES;
				GCC_WARN_UNINITIALIZED_AUTOS = YES_AGGRESSIVE;
				GCC_WARN_UNUSED_FUNCTION = YES;
				GCC_WARN_UNUSED_VARIABLE = YES;
				IPHONEOS_DEPLOYMENT_TARGET = 17.0;
				LOCALIZATION_PREFERS_STRING_CATALOGS = YES;
				MTL_ENABLE_DEBUG_INFO = INCLUDE_SOURCE;
				MTL_FAST_MATH = YES;
				ONLY_ACTIVE_ARCH = YES;
				SDKROOT = iphoneos;
				SWIFT_ACTIVE_COMPILATION_CONDITIONS = "DEBUG $(inherited)";
				SWIFT_OPTIMIZATION_LEVEL = "-Onone";
			};
			name = Debug;
		};
		4E8322052AF6D0AA00B6C868 /* Release */ = {
			isa = XCBuildConfiguration;
			buildSettings = {
				ALWAYS_SEARCH_USER_PATHS = NO;
				ASSETCATALOG_COMPILER_GENERATE_SWIFT_ASSET_SYMBOL_EXTENSIONS = YES;
				CLANG_ANALYZER_NONNULL = YES;
				CLANG_ANALYZER_NUMBER_OBJECT_CONVERSION = YES_AGGRESSIVE;
				CLANG_CXX_LANGUAGE_STANDARD = "gnu++20";
				CLANG_ENABLE_MODULES = YES;
				CLANG_ENABLE_OBJC_ARC = YES;
				CLANG_ENABLE_OBJC_WEAK = YES;
				CLANG_WARN_BLOCK_CAPTURE_AUTORELEASING = YES;
				CLANG_WARN_BOOL_CONVERSION = YES;
				CLANG_WARN_COMMA = YES;
				CLANG_WARN_CONSTANT_CONVERSION = YES;
				CLANG_WARN_DEPRECATED_OBJC_IMPLEMENTATIONS = YES;
				CLANG_WARN_DIRECT_OBJC_ISA_USAGE = YES_ERROR;
				CLANG_WARN_DOCUMENTATION_COMMENTS = YES;
				CLANG_WARN_EMPTY_BODY = YES;
				CLANG_WARN_ENUM_CONVERSION = YES;
				CLANG_WARN_INFINITE_RECURSION = YES;
				CLANG_WARN_INT_CONVERSION = YES;
				CLANG_WARN_NON_LITERAL_NULL_CONVERSION = YES;
				CLANG_WARN_OBJC_IMPLICIT_RETAIN_SELF = YES;
				CLANG_WARN_OBJC_LITERAL_CONVERSION = YES;
				CLANG_WARN_OBJC_ROOT_CLASS = YES_ERROR;
				CLANG_WARN_QUOTED_INCLUDE_IN_FRAMEWORK_HEADER = YES;
				CLANG_WARN_RANGE_LOOP_ANALYSIS = YES;
				CLANG_WARN_STRICT_PROTOTYPES = YES;
				CLANG_WARN_SUSPICIOUS_MOVE = YES;
				CLANG_WARN_UNGUARDED_AVAILABILITY = YES_AGGRESSIVE;
				CLANG_WARN_UNREACHABLE_CODE = YES;
				CLANG_WARN__DUPLICATE_METHOD_MATCH = YES;
				COPY_PHASE_STRIP = NO;
				DEBUG_INFORMATION_FORMAT = "dwarf-with-dsym";
				ENABLE_NS_ASSERTIONS = NO;
				ENABLE_STRICT_OBJC_MSGSEND = YES;
				ENABLE_USER_SCRIPT_SANDBOXING = YES;
				GCC_C_LANGUAGE_STANDARD = gnu17;
				GCC_NO_COMMON_BLOCKS = YES;
				GCC_WARN_64_TO_32_BIT_CONVERSION = YES;
				GCC_WARN_ABOUT_RETURN_TYPE = YES_ERROR;
				GCC_WARN_UNDECLARED_SELECTOR = YES;
				GCC_WARN_UNINITIALIZED_AUTOS = YES_AGGRESSIVE;
				GCC_WARN_UNUSED_FUNCTION = YES;
				GCC_WARN_UNUSED_VARIABLE = YES;
				IPHONEOS_DEPLOYMENT_TARGET = 17.0;
				LOCALIZATION_PREFERS_STRING_CATALOGS = YES;
				MTL_ENABLE_DEBUG_INFO = NO;
				MTL_FAST_MATH = YES;
				SDKROOT = iphoneos;
				SWIFT_COMPILATION_MODE = wholemodule;
				VALIDATE_PRODUCT = YES;
			};
			name = Release;
		};
		4E8322072AF6D0AA00B6C868 /* Debug */ = {
			isa = XCBuildConfiguration;
			baseConfigurationReference = 5183BEC80C0CFB0CDC629D05 /* Pods-euroleague.debug.xcconfig */;
			buildSettings = {
				ALWAYS_EMBED_SWIFT_STANDARD_LIBRARIES = YES;
				ASSETCATALOG_COMPILER_APPICON_NAME = AppIcon;
				ASSETCATALOG_COMPILER_GLOBAL_ACCENT_COLOR_NAME = AccentColor;
				CODE_SIGN_STYLE = Automatic;
				CURRENT_PROJECT_VERSION = 1;
				DEVELOPMENT_ASSET_PATHS = "\"euroleague/Preview Content\"";
				DEVELOPMENT_TEAM = 9PJTZHK84Y;
				ENABLE_PREVIEWS = YES;
				ENABLE_USER_SCRIPT_SANDBOXING = NO;
				GENERATE_INFOPLIST_FILE = YES;
				INFOPLIST_FILE = euroleague/Info.plist;
				INFOPLIST_KEY_UIApplicationSceneManifest_Generation = YES;
				INFOPLIST_KEY_UIApplicationSupportsIndirectInputEvents = YES;
				INFOPLIST_KEY_UILaunchScreen_Generation = YES;
				INFOPLIST_KEY_UISupportedInterfaceOrientations_iPad = "UIInterfaceOrientationPortrait UIInterfaceOrientationPortraitUpsideDown UIInterfaceOrientationLandscapeLeft UIInterfaceOrientationLandscapeRight";
				INFOPLIST_KEY_UISupportedInterfaceOrientations_iPhone = "UIInterfaceOrientationPortrait UIInterfaceOrientationLandscapeLeft UIInterfaceOrientationLandscapeRight";
				LD_RUNPATH_SEARCH_PATHS = (
					"$(inherited)",
					"@executable_path/Frameworks",
				);
				MARKETING_VERSION = 1.0;
				PRODUCT_BUNDLE_IDENTIFIER = com.example.euroleague;
				PRODUCT_NAME = "$(TARGET_NAME)";
				SWIFT_EMIT_LOC_STRINGS = YES;
				SWIFT_VERSION = 5.0;
				TARGETED_DEVICE_FAMILY = "1,2";
			};
			name = Debug;
		};
		4E8322082AF6D0AA00B6C868 /* Release */ = {
			isa = XCBuildConfiguration;
			baseConfigurationReference = EFD94761C1B637A28B06A733 /* Pods-euroleague.release.xcconfig */;
			buildSettings = {
				ALWAYS_EMBED_SWIFT_STANDARD_LIBRARIES = YES;
				ASSETCATALOG_COMPILER_APPICON_NAME = AppIcon;
				ASSETCATALOG_COMPILER_GLOBAL_ACCENT_COLOR_NAME = AccentColor;
				CODE_SIGN_STYLE = Automatic;
				CURRENT_PROJECT_VERSION = 1;
				DEVELOPMENT_ASSET_PATHS = "\"euroleague/Preview Content\"";
				DEVELOPMENT_TEAM = 9PJTZHK84Y;
				ENABLE_PREVIEWS = YES;
				ENABLE_USER_SCRIPT_SANDBOXING = NO;
				GENERATE_INFOPLIST_FILE = YES;
				INFOPLIST_FILE = euroleague/Info.plist;
				INFOPLIST_KEY_UIApplicationSceneManifest_Generation = YES;
				INFOPLIST_KEY_UIApplicationSupportsIndirectInputEvents = YES;
				INFOPLIST_KEY_UILaunchScreen_Generation = YES;
				INFOPLIST_KEY_UISupportedInterfaceOrientations_iPad = "UIInterfaceOrientationPortrait UIInterfaceOrientationPortraitUpsideDown UIInterfaceOrientationLandscapeLeft UIInterfaceOrientationLandscapeRight";
				INFOPLIST_KEY_UISupportedInterfaceOrientations_iPhone = "UIInterfaceOrientationPortrait UIInterfaceOrientationLandscapeLeft UIInterfaceOrientationLandscapeRight";
				LD_RUNPATH_SEARCH_PATHS = (
					"$(inherited)",
					"@executable_path/Frameworks",
				);
				MARKETING_VERSION = 1.0;
				PRODUCT_BUNDLE_IDENTIFIER = com.example.euroleague;
				PRODUCT_NAME = "$(TARGET_NAME)";
				SWIFT_EMIT_LOC_STRINGS = YES;
				SWIFT_VERSION = 5.0;
				TARGETED_DEVICE_FAMILY = "1,2";
			};
			name = Release;
		};
		4E83220A2AF6D0AA00B6C868 /* Debug */ = {
			isa = XCBuildConfiguration;
			baseConfigurationReference = 1F2683238D98AC2E947215C8 /* Pods-euroleagueTests.debug.xcconfig */;
			buildSettings = {
				ALWAYS_EMBED_SWIFT_STANDARD_LIBRARIES = YES;
				BUNDLE_LOADER = "$(TEST_HOST)";
				CODE_SIGN_STYLE = Automatic;
				CURRENT_PROJECT_VERSION = 1;
				DEVELOPMENT_TEAM = 9PJTZHK84Y;
				GENERATE_INFOPLIST_FILE = YES;
				IPHONEOS_DEPLOYMENT_TARGET = 17.0;
				MARKETING_VERSION = 1.0;
				PRODUCT_BUNDLE_IDENTIFIER = com.example.euroleagueTests;
				PRODUCT_NAME = "$(TARGET_NAME)";
				SWIFT_EMIT_LOC_STRINGS = NO;
				SWIFT_VERSION = 5.0;
				TARGETED_DEVICE_FAMILY = "1,2";
				TEST_HOST = "$(BUILT_PRODUCTS_DIR)/euroleague.app/$(BUNDLE_EXECUTABLE_FOLDER_PATH)/euroleague";
			};
			name = Debug;
		};
		4E83220B2AF6D0AA00B6C868 /* Release */ = {
			isa = XCBuildConfiguration;
			baseConfigurationReference = FECA7DAF4AFB95493DDB3B36 /* Pods-euroleagueTests.release.xcconfig */;
			buildSettings = {
				ALWAYS_EMBED_SWIFT_STANDARD_LIBRARIES = YES;
				BUNDLE_LOADER = "$(TEST_HOST)";
				CODE_SIGN_STYLE = Automatic;
				CURRENT_PROJECT_VERSION = 1;
				DEVELOPMENT_TEAM = 9PJTZHK84Y;
				GENERATE_INFOPLIST_FILE = YES;
				IPHONEOS_DEPLOYMENT_TARGET = 17.0;
				MARKETING_VERSION = 1.0;
				PRODUCT_BUNDLE_IDENTIFIER = com.example.euroleagueTests;
				PRODUCT_NAME = "$(TARGET_NAME)";
				SWIFT_EMIT_LOC_STRINGS = NO;
				SWIFT_VERSION = 5.0;
				TARGETED_DEVICE_FAMILY = "1,2";
				TEST_HOST = "$(BUILT_PRODUCTS_DIR)/euroleague.app/$(BUNDLE_EXECUTABLE_FOLDER_PATH)/euroleague";
			};
			name = Release;
		};
		4E83220D2AF6D0AA00B6C868 /* Debug */ = {
			isa = XCBuildConfiguration;
			baseConfigurationReference = E7AFA9810F1585F0E4607A54 /* Pods-euroleague-euroleagueUITests.debug.xcconfig */;
			buildSettings = {
				ALWAYS_EMBED_SWIFT_STANDARD_LIBRARIES = YES;
				CODE_SIGN_STYLE = Automatic;
				CURRENT_PROJECT_VERSION = 1;
				DEVELOPMENT_TEAM = 9PJTZHK84Y;
				GENERATE_INFOPLIST_FILE = YES;
				MARKETING_VERSION = 1.0;
				PRODUCT_BUNDLE_IDENTIFIER = com.example.euroleagueUITests;
				PRODUCT_NAME = "$(TARGET_NAME)";
				SWIFT_EMIT_LOC_STRINGS = NO;
				SWIFT_VERSION = 5.0;
				TARGETED_DEVICE_FAMILY = "1,2";
				TEST_TARGET_NAME = euroleague;
			};
			name = Debug;
		};
		4E83220E2AF6D0AA00B6C868 /* Release */ = {
			isa = XCBuildConfiguration;
			baseConfigurationReference = 9248D3F3BFFFBDF23F125F15 /* Pods-euroleague-euroleagueUITests.release.xcconfig */;
			buildSettings = {
				ALWAYS_EMBED_SWIFT_STANDARD_LIBRARIES = YES;
				CODE_SIGN_STYLE = Automatic;
				CURRENT_PROJECT_VERSION = 1;
				DEVELOPMENT_TEAM = 9PJTZHK84Y;
				GENERATE_INFOPLIST_FILE = YES;
				MARKETING_VERSION = 1.0;
				PRODUCT_BUNDLE_IDENTIFIER = com.example.euroleagueUITests;
				PRODUCT_NAME = "$(TARGET_NAME)";
				SWIFT_EMIT_LOC_STRINGS = NO;
				SWIFT_VERSION = 5.0;
				TARGETED_DEVICE_FAMILY = "1,2";
				TEST_TARGET_NAME = euroleague;
			};
			name = Release;
		};
		4E8322252AF6D0D000B6C868 /* Debug */ = {
			isa = XCBuildConfiguration;
			baseConfigurationReference = 703DB41D702FB3956EE1FB1F /* Pods-euroleague_widgetExtension.debug.xcconfig */;
			buildSettings = {
				ASSETCATALOG_COMPILER_GLOBAL_ACCENT_COLOR_NAME = AccentColor;
				ASSETCATALOG_COMPILER_WIDGET_BACKGROUND_COLOR_NAME = WidgetBackground;
				CODE_SIGN_STYLE = Automatic;
				CURRENT_PROJECT_VERSION = 1;
				DEVELOPMENT_TEAM = 9PJTZHK84Y;
				GENERATE_INFOPLIST_FILE = YES;
				INFOPLIST_FILE = euroleague_widget/Info.plist;
				INFOPLIST_KEY_CFBundleDisplayName = euroleague_widget;
				INFOPLIST_KEY_NSHumanReadableCopyright = "";
				LD_RUNPATH_SEARCH_PATHS = (
					"$(inherited)",
					"@executable_path/Frameworks",
					"@executable_path/../../Frameworks",
				);
				MARKETING_VERSION = 1.0;
				PRODUCT_BUNDLE_IDENTIFIER = "com.example.euroleague.euroleague-widget";
				PRODUCT_NAME = "$(TARGET_NAME)";
				SKIP_INSTALL = YES;
				SWIFT_EMIT_LOC_STRINGS = YES;
				SWIFT_VERSION = 5.0;
				TARGETED_DEVICE_FAMILY = "1,2";
			};
			name = Debug;
		};
		4E8322262AF6D0D000B6C868 /* Release */ = {
			isa = XCBuildConfiguration;
			baseConfigurationReference = 4CA989D2B6A4F79366130BC5 /* Pods-euroleague_widgetExtension.release.xcconfig */;
			buildSettings = {
				ASSETCATALOG_COMPILER_GLOBAL_ACCENT_COLOR_NAME = AccentColor;
				ASSETCATALOG_COMPILER_WIDGET_BACKGROUND_COLOR_NAME = WidgetBackground;
				CODE_SIGN_STYLE = Automatic;
				CURRENT_PROJECT_VERSION = 1;
				DEVELOPMENT_TEAM = 9PJTZHK84Y;
				GENERATE_INFOPLIST_FILE = YES;
				INFOPLIST_FILE = euroleague_widget/Info.plist;
				INFOPLIST_KEY_CFBundleDisplayName = euroleague_widget;
				INFOPLIST_KEY_NSHumanReadableCopyright = "";
				LD_RUNPATH_SEARCH_PATHS = (
					"$(inherited)",
					"@executable_path/Frameworks",
					"@executable_path/../../Frameworks",
				);
				MARKETING_VERSION = 1.0;
				PRODUCT_BUNDLE_IDENTIFIER = "com.example.euroleague.euroleague-widget";
				PRODUCT_NAME = "$(TARGET_NAME)";
				SKIP_INSTALL = YES;
				SWIFT_EMIT_LOC_STRINGS = YES;
				SWIFT_VERSION = 5.0;
				TARGETED_DEVICE_FAMILY = "1,2";
			};
			name = Release;
		};
/* End XCBuildConfiguration section */

/* Begin XCConfigurationList section */
		4E8321DD2AF6D0A900B6C868 /* Build configuration list for PBXProject "euroleague" */ = {
			isa = XCConfigurationList;
			buildConfigurations = (
				4E8322042AF6D0AA00B6C868 /* Debug */,
				4E8322052AF6D0AA00B6C868 /* Release */,
			);
			defaultConfigurationIsVisible = 0;
			defaultConfigurationName = Release;
		};
		4E8322062AF6D0AA00B6C868 /* Build configuration list for PBXNativeTarget "euroleague" */ = {
			isa = XCConfigurationList;
			buildConfigurations = (
				4E8322072AF6D0AA00B6C868 /* Debug */,
				4E8322082AF6D0AA00B6C868 /* Release */,
			);
			defaultConfigurationIsVisible = 0;
			defaultConfigurationName = Release;
		};
		4E8322092AF6D0AA00B6C868 /* Build configuration list for PBXNativeTarget "euroleagueTests" */ = {
			isa = XCConfigurationList;
			buildConfigurations = (
				4E83220A2AF6D0AA00B6C868 /* Debug */,
				4E83220B2AF6D0AA00B6C868 /* Release */,
			);
			defaultConfigurationIsVisible = 0;
			defaultConfigurationName = Release;
		};
		4E83220C2AF6D0AA00B6C868 /* Build configuration list for PBXNativeTarget "euroleagueUITests" */ = {
			isa = XCConfigurationList;
			buildConfigurations = (
				4E83220D2AF6D0AA00B6C868 /* Debug */,
				4E83220E2AF6D0AA00B6C868 /* Release */,
			);
			defaultConfigurationIsVisible = 0;
			defaultConfigurationName = Release;
		};
		4E8322242AF6D0D000B6C868 /* Build configuration list for PBXNativeTarget "euroleague_widgetExtension" */ = {
			isa = XCConfigurationList;
			buildConfigurations = (
				4E8322252AF6D0D000B6C868 /* Debug */,
				4E8322262AF6D0D000B6C868 /* Release */,
			);
			defaultConfigurationIsVisible = 0;
			defaultConfigurationName = Release;
		};
/* End XCConfigurationList section */
	};
	rootObject = 4E8321DA2AF6D0A900B6C868 /* Project object */;
}
